
Microsoft Visual Studio Solution File, Format Version 12.00
# Visual Studio Version 17
VisualStudioVersion = 17.7.34018.315
MinimumVisualStudioVersion = 10.0.40219.1
Project("{9A19103F-16F7-4668-BE54-9A1E7A4F7556}") = "Blogger", "Blogger\Blogger.csproj", "{883E46A4-ABBF-4F0D-8B44-1F34CB17DFF7}"
EndProject
Project("{9A19103F-16F7-4668-BE54-9A1E7A4F7556}") = "Blogger.Data", "Blogger.Data\Blogger.Data.csproj", "{423A25A1-9EFA-438A-AF55-ED8E3D6216D3}"
EndProject
Project("{9A19103F-16F7-4668-BE54-9A1E7A4F7556}") = "Blogger.Repo", "Blogger.Repo\Blogger.Repo.csproj", "{C69AF381-C2F7-4B3A-991D-F42024D0791F}"
EndProject
Project("{9A19103F-16F7-4668-BE54-9A1E7A4F7556}") = "Blogger.Service", "Blogger.Service\Blogger.Service.csproj", "{BA9F24DB-F7C1-415A-917E-4D597C21461F}"
EndProject
Project("{FAE04EC0-301F-11D3-BF4B-00C04F79EFBC}") = "Blogger.Shared", "Blogger.Shared\Blogger.Shared.csproj", "{E6A37CF0-D32B-460A-800D-550B9D4FAF18}"
EndProject
Global
	GlobalSection(SolutionConfigurationPlatforms) = preSolution
		Debug|Any CPU = Debug|Any CPU
		Release|Any CPU = Release|Any CPU
	EndGlobalSection
	GlobalSection(ProjectConfigurationPlatforms) = postSolution
		{883E46A4-ABBF-4F0D-8B44-1F34CB17DFF7}.Debug|Any CPU.ActiveCfg = Debug|Any CPU
		{883E46A4-ABBF-4F0D-8B44-1F34CB17DFF7}.Debug|Any CPU.Build.0 = Debug|Any CPU
		{883E46A4-ABBF-4F0D-8B44-1F34CB17DFF7}.Release|Any CPU.ActiveCfg = Release|Any CPU
		{883E46A4-ABBF-4F0D-8B44-1F34CB17DFF7}.Release|Any CPU.Build.0 = Release|Any CPU
		{423A25A1-9EFA-438A-AF55-ED8E3D6216D3}.Debug|Any CPU.ActiveCfg = Debug|Any CPU
		{423A25A1-9EFA-438A-AF55-ED8E3D6216D3}.Debug|Any CPU.Build.0 = Debug|Any CPU
		{423A25A1-9EFA-438A-AF55-ED8E3D6216D3}.Release|Any CPU.ActiveCfg = Release|Any CPU
		{423A25A1-9EFA-438A-AF55-ED8E3D6216D3}.Release|Any CPU.Build.0 = Release|Any CPU
		{C69AF381-C2F7-4B3A-991D-F42024D0791F}.Debug|Any CPU.ActiveCfg = Debug|Any CPU
		{C69AF381-C2F7-4B3A-991D-F42024D0791F}.Debug|Any CPU.Build.0 = Debug|Any CPU
		{C69AF381-C2F7-4B3A-991D-F42024D0791F}.Release|Any CPU.ActiveCfg = Release|Any CPU
		{C69AF381-C2F7-4B3A-991D-F42024D0791F}.Release|Any CPU.Build.0 = Release|Any CPU
		{BA9F24DB-F7C1-415A-917E-4D597C21461F}.Debug|Any CPU.ActiveCfg = Debug|Any CPU
		{BA9F24DB-F7C1-415A-917E-4D597C21461F}.Debug|Any CPU.Build.0 = Debug|Any CPU
		{BA9F24DB-F7C1-415A-917E-4D597C21461F}.Release|Any CPU.ActiveCfg = Release|Any CPU
		{BA9F24DB-F7C1-415A-917E-4D597C21461F}.Release|Any CPU.Build.0 = Release|Any CPU
		{E6A37CF0-D32B-460A-800D-550B9D4FAF18}.Debug|Any CPU.ActiveCfg = Debug|Any CPU
		{E6A37CF0-D32B-460A-800D-550B9D4FAF18}.Debug|Any CPU.Build.0 = Debug|Any CPU
		{E6A37CF0-D32B-460A-800D-550B9D4FAF18}.Release|Any CPU.ActiveCfg = Release|Any CPU
		{E6A37CF0-D32B-460A-800D-550B9D4FAF18}.Release|Any CPU.Build.0 = Release|Any CPU
	EndGlobalSection
	GlobalSection(SolutionProperties) = preSolution
		HideSolutionNode = FALSE
	EndGlobalSection
	GlobalSection(ExtensibilityGlobals) = postSolution
		SolutionGuid = {7738C510-0D84-457C-9826-4E82291DE04E}
	EndGlobalSection
EndGlobal
